
Microsoft Visual Studio Solution File, Format Version 12.00
# Visual Studio 15
VisualStudioVersion = 15.0.28010.2036
MinimumVisualStudioVersion = 10.0.40219.1
Project("{8BC9CEB8-8B4A-11D0-8D11-00A0C91BC942}") = "lab9", "lab9\lab9.vcxproj", "{0E3C6B30-42D9-4723-8954-D015E774E68A}"
EndProject
Project("{8BC9CEB8-8B4A-11D0-8D11-00A0C91BC942}") = "UnitTest", "UnitTest\UnitTest.vcxproj", "{A6C9C8EF-EF7C-453B-8900-31E84FE4F0BF}"
EndProject
Global
	GlobalSection(SolutionConfigurationPlatforms) = preSolution
		Debug|x64 = Debug|x64
		Debug|x86 = Debug|x86
		Release|x64 = Release|x64
		Release|x86 = Release|x86
	EndGlobalSection
	GlobalSection(ProjectConfigurationPlatforms) = postSolution
		{0E3C6B30-42D9-4723-8954-D015E774E68A}.Debug|x64.ActiveCfg = Debug|x64
		{0E3C6B30-42D9-4723-8954-D015E774E68A}.Debug|x64.Build.0 = Debug|x64
		{0E3C6B30-42D9-4723-8954-D015E774E68A}.Debug|x86.ActiveCfg = Debug|Win32
		{0E3C6B30-42D9-4723-8954-D015E774E68A}.Debug|x86.Build.0 = Debug|Win32
		{0E3C6B30-42D9-4723-8954-D015E774E68A}.Release|x64.ActiveCfg = Release|x64
		{0E3C6B30-42D9-4723-8954-D015E774E68A}.Release|x64.Build.0 = Release|x64
		{0E3C6B30-42D9-4723-8954-D015E774E68A}.Release|x86.ActiveCfg = Release|Win32
		{0E3C6B30-42D9-4723-8954-D015E774E68A}.Release|x86.Build.0 = Release|Win32
		{A6C9C8EF-EF7C-453B-8900-31E84FE4F0BF}.Debug|x64.ActiveCfg = Debug|x64
		{A6C9C8EF-EF7C-453B-8900-31E84FE4F0BF}.Debug|x64.Build.0 = Debug|x64
		{A6C9C8EF-EF7C-453B-8900-31E84FE4F0BF}.Debug|x86.ActiveCfg = Debug|Win32
		{A6C9C8EF-EF7C-453B-8900-31E84FE4F0BF}.Debug|x86.Build.0 = Debug|Win32
		{A6C9C8EF-EF7C-453B-8900-31E84FE4F0BF}.Release|x64.ActiveCfg = Release|x64
		{A6C9C8EF-EF7C-453B-8900-31E84FE4F0BF}.Release|x64.Build.0 = Release|x64
		{A6C9C8EF-EF7C-453B-8900-31E84FE4F0BF}.Release|x86.ActiveCfg = Release|Win32
		{A6C9C8EF-EF7C-453B-8900-31E84FE4F0BF}.Release|x86.Build.0 = Release|Win32
	EndGlobalSection
	GlobalSection(SolutionProperties) = preSolution
		HideSolutionNode = FALSE
	EndGlobalSection
	GlobalSection(ExtensibilityGlobals) = postSolution
		SolutionGuid = {988A8937-957C-4DFC-97E8-8B32D28E3C7D}
	EndGlobalSection
EndGlobal
