
Microsoft Visual Studio Solution File, Format Version 12.00
# Visual Studio 15
VisualStudioVersion = 15.0.28010.2036
MinimumVisualStudioVersion = 10.0.40219.1
Project("{8BC9CEB8-8B4A-11D0-8D11-00A0C91BC942}") = "lab7", "lab7\lab7.vcxproj", "{158531DC-FC80-463E-85DF-559D1BD45907}"
EndProject
Project("{8BC9CEB8-8B4A-11D0-8D11-00A0C91BC942}") = "lab2", "..\lab2\lab2\lab2.vcxproj", "{1E29A6B5-F152-41DA-92F8-EF67F0BCEEBD}"
EndProject
Project("{8BC9CEB8-8B4A-11D0-8D11-00A0C91BC942}") = "UnitTest", "UnitTest\UnitTest.vcxproj", "{8F89AAD1-2154-4687-836C-20F5EF780CE3}"
EndProject
Global
	GlobalSection(SolutionConfigurationPlatforms) = preSolution
		Debug|x64 = Debug|x64
		Debug|x86 = Debug|x86
		Release|x64 = Release|x64
		Release|x86 = Release|x86
	EndGlobalSection
	GlobalSection(ProjectConfigurationPlatforms) = postSolution
		{158531DC-FC80-463E-85DF-559D1BD45907}.Debug|x64.ActiveCfg = Debug|x64
		{158531DC-FC80-463E-85DF-559D1BD45907}.Debug|x64.Build.0 = Debug|x64
		{158531DC-FC80-463E-85DF-559D1BD45907}.Debug|x86.ActiveCfg = Debug|Win32
		{158531DC-FC80-463E-85DF-559D1BD45907}.Debug|x86.Build.0 = Debug|Win32
		{158531DC-FC80-463E-85DF-559D1BD45907}.Release|x64.ActiveCfg = Release|x64
		{158531DC-FC80-463E-85DF-559D1BD45907}.Release|x64.Build.0 = Release|x64
		{158531DC-FC80-463E-85DF-559D1BD45907}.Release|x86.ActiveCfg = Release|Win32
		{158531DC-FC80-463E-85DF-559D1BD45907}.Release|x86.Build.0 = Release|Win32
		{1E29A6B5-F152-41DA-92F8-EF67F0BCEEBD}.Debug|x64.ActiveCfg = Debug|x64
		{1E29A6B5-F152-41DA-92F8-EF67F0BCEEBD}.Debug|x64.Build.0 = Debug|x64
		{1E29A6B5-F152-41DA-92F8-EF67F0BCEEBD}.Debug|x86.ActiveCfg = Debug|Win32
		{1E29A6B5-F152-41DA-92F8-EF67F0BCEEBD}.Debug|x86.Build.0 = Debug|Win32
		{1E29A6B5-F152-41DA-92F8-EF67F0BCEEBD}.Release|x64.ActiveCfg = Release|x64
		{1E29A6B5-F152-41DA-92F8-EF67F0BCEEBD}.Release|x64.Build.0 = Release|x64
		{1E29A6B5-F152-41DA-92F8-EF67F0BCEEBD}.Release|x86.ActiveCfg = Release|Win32
		{1E29A6B5-F152-41DA-92F8-EF67F0BCEEBD}.Release|x86.Build.0 = Release|Win32
		{8F89AAD1-2154-4687-836C-20F5EF780CE3}.Debug|x64.ActiveCfg = Debug|x64
		{8F89AAD1-2154-4687-836C-20F5EF780CE3}.Debug|x64.Build.0 = Debug|x64
		{8F89AAD1-2154-4687-836C-20F5EF780CE3}.Debug|x86.ActiveCfg = Debug|Win32
		{8F89AAD1-2154-4687-836C-20F5EF780CE3}.Debug|x86.Build.0 = Debug|Win32
		{8F89AAD1-2154-4687-836C-20F5EF780CE3}.Release|x64.ActiveCfg = Release|x64
		{8F89AAD1-2154-4687-836C-20F5EF780CE3}.Release|x64.Build.0 = Release|x64
		{8F89AAD1-2154-4687-836C-20F5EF780CE3}.Release|x86.ActiveCfg = Release|Win32
		{8F89AAD1-2154-4687-836C-20F5EF780CE3}.Release|x86.Build.0 = Release|Win32
	EndGlobalSection
	GlobalSection(SolutionProperties) = preSolution
		HideSolutionNode = FALSE
	EndGlobalSection
	GlobalSection(ExtensibilityGlobals) = postSolution
		SolutionGuid = {C7477BEA-45DE-43BB-B7D8-8C24CA10A964}
	EndGlobalSection
EndGlobal
